
Microsoft Visual Studio Solution File, Format Version 12.00
# Visual Studio Version 16
VisualStudioVersion = 16.0.31424.327
MinimumVisualStudioVersion = 10.0.40219.1
Project("{FAE04EC0-301F-11D3-BF4B-00C04F79EFBC}") = "WeatherAppV3", "WeatherAppV3\WeatherAppV3.csproj", "{99A89940-32A6-4443-902C-E98FCA3E7852}"
EndProject
Global
	GlobalSection(SolutionConfigurationPlatforms) = preSolution
		Debug|Any CPU = Debug|Any CPU
		Release|Any CPU = Release|Any CPU
	EndGlobalSection
	GlobalSection(ProjectConfigurationPlatforms) = postSolution
		{99A89940-32A6-4443-902C-E98FCA3E7852}.Debug|Any CPU.ActiveCfg = Debug|Any CPU
		{99A89940-32A6-4443-902C-E98FCA3E7852}.Debug|Any CPU.Build.0 = Debug|Any CPU
		{99A89940-32A6-4443-902C-E98FCA3E7852}.Release|Any CPU.ActiveCfg = Release|Any CPU
		{99A89940-32A6-4443-902C-E98FCA3E7852}.Release|Any CPU.Build.0 = Release|Any CPU
	EndGlobalSection
	GlobalSection(SolutionProperties) = preSolution
		HideSolutionNode = FALSE
	EndGlobalSection
	GlobalSection(ExtensibilityGlobals) = postSolution
		SolutionGuid = {2809847F-CEE6-40A3-994A-D90C3EC8B814}
	EndGlobalSection
EndGlobal
